
Microsoft Visual Studio Solution File, Format Version 12.00
# Visual Studio 15
VisualStudioVersion = 15.0.28307.136
MinimumVisualStudioVersion = 10.0.40219.1
Project("{FAE04EC0-301F-11D3-BF4B-00C04F79EFBC}") = "GraphStudy.Api", "GraphStudy.Api\GraphStudy.Api.csproj", "{5A5A15B3-88E3-4F84-BB75-207D8FA42A44}"
EndProject
Project("{FAE04EC0-301F-11D3-BF4B-00C04F79EFBC}") = "GraphStudy.Moives", "GraphStudy.Moives\GraphStudy.Moives.csproj", "{95D8069A-E98A-423B-AEA1-64CEEA079DE9}"
EndProject
Global
	GlobalSection(SolutionConfigurationPlatforms) = preSolution
		Debug|Any CPU = Debug|Any CPU
		Release|Any CPU = Release|Any CPU
	EndGlobalSection
	GlobalSection(ProjectConfigurationPlatforms) = postSolution
		{5A5A15B3-88E3-4F84-BB75-207D8FA42A44}.Debug|Any CPU.ActiveCfg = Debug|Any CPU
		{5A5A15B3-88E3-4F84-BB75-207D8FA42A44}.Debug|Any CPU.Build.0 = Debug|Any CPU
		{5A5A15B3-88E3-4F84-BB75-207D8FA42A44}.Release|Any CPU.ActiveCfg = Release|Any CPU
		{5A5A15B3-88E3-4F84-BB75-207D8FA42A44}.Release|Any CPU.Build.0 = Release|Any CPU
		{95D8069A-E98A-423B-AEA1-64CEEA079DE9}.Debug|Any CPU.ActiveCfg = Debug|Any CPU
		{95D8069A-E98A-423B-AEA1-64CEEA079DE9}.Debug|Any CPU.Build.0 = Debug|Any CPU
		{95D8069A-E98A-423B-AEA1-64CEEA079DE9}.Release|Any CPU.ActiveCfg = Release|Any CPU
		{95D8069A-E98A-423B-AEA1-64CEEA079DE9}.Release|Any CPU.Build.0 = Release|Any CPU
	EndGlobalSection
	GlobalSection(SolutionProperties) = preSolution
		HideSolutionNode = FALSE
	EndGlobalSection
	GlobalSection(ExtensibilityGlobals) = postSolution
		SolutionGuid = {59F66CF1-8F9F-413B-B650-F14F4417D40A}
	EndGlobalSection
EndGlobal
