
Microsoft Visual Studio Solution File, Format Version 12.00
# Visual Studio 15
VisualStudioVersion = 15.0.28307.136
MinimumVisualStudioVersion = 10.0.40219.1
Project("{9A19103F-16F7-4668-BE54-9A1E7A4F7556}") = "GraphStudy.Api", "GraphStudy.Api\GraphStudy.Api.csproj", "{5A5A15B3-88E3-4F84-BB75-207D8FA42A44}"
EndProject
Project("{9A19103F-16F7-4668-BE54-9A1E7A4F7556}") = "GraphStudy.Models", "GraphStudy.Models\GraphStudy.Models.csproj", "{AA381FD6-E0CC-425F-8D16-D01F39CA4AE5}"
EndProject
Project("{9A19103F-16F7-4668-BE54-9A1E7A4F7556}") = "GraphStudy.Services", "GraphStudy.Services\GraphStudy.Services.csproj", "{209D3A57-DED2-4812-8B6D-490F02D6846A}"
EndProject
Project("{9A19103F-16F7-4668-BE54-9A1E7A4F7556}") = "GraphStudy.Api.RESTful", "GraphStudy.Api.RESTful\GraphStudy.Api.RESTful.csproj", "{C4E668E5-DA47-4457-BD58-C49317B4DF45}"
EndProject
Global
	GlobalSection(SolutionConfigurationPlatforms) = preSolution
		Debug|Any CPU = Debug|Any CPU
		Release|Any CPU = Release|Any CPU
	EndGlobalSection
	GlobalSection(ProjectConfigurationPlatforms) = postSolution
		{5A5A15B3-88E3-4F84-BB75-207D8FA42A44}.Debug|Any CPU.ActiveCfg = Debug|Any CPU
		{5A5A15B3-88E3-4F84-BB75-207D8FA42A44}.Debug|Any CPU.Build.0 = Debug|Any CPU
		{5A5A15B3-88E3-4F84-BB75-207D8FA42A44}.Release|Any CPU.ActiveCfg = Release|Any CPU
		{5A5A15B3-88E3-4F84-BB75-207D8FA42A44}.Release|Any CPU.Build.0 = Release|Any CPU
		{AA381FD6-E0CC-425F-8D16-D01F39CA4AE5}.Debug|Any CPU.ActiveCfg = Debug|Any CPU
		{AA381FD6-E0CC-425F-8D16-D01F39CA4AE5}.Debug|Any CPU.Build.0 = Debug|Any CPU
		{AA381FD6-E0CC-425F-8D16-D01F39CA4AE5}.Release|Any CPU.ActiveCfg = Release|Any CPU
		{AA381FD6-E0CC-425F-8D16-D01F39CA4AE5}.Release|Any CPU.Build.0 = Release|Any CPU
		{209D3A57-DED2-4812-8B6D-490F02D6846A}.Debug|Any CPU.ActiveCfg = Debug|Any CPU
		{209D3A57-DED2-4812-8B6D-490F02D6846A}.Debug|Any CPU.Build.0 = Debug|Any CPU
		{209D3A57-DED2-4812-8B6D-490F02D6846A}.Release|Any CPU.ActiveCfg = Release|Any CPU
		{209D3A57-DED2-4812-8B6D-490F02D6846A}.Release|Any CPU.Build.0 = Release|Any CPU
		{C4E668E5-DA47-4457-BD58-C49317B4DF45}.Debug|Any CPU.ActiveCfg = Debug|Any CPU
		{C4E668E5-DA47-4457-BD58-C49317B4DF45}.Debug|Any CPU.Build.0 = Debug|Any CPU
		{C4E668E5-DA47-4457-BD58-C49317B4DF45}.Release|Any CPU.ActiveCfg = Release|Any CPU
		{C4E668E5-DA47-4457-BD58-C49317B4DF45}.Release|Any CPU.Build.0 = Release|Any CPU
	EndGlobalSection
	GlobalSection(SolutionProperties) = preSolution
		HideSolutionNode = FALSE
	EndGlobalSection
	GlobalSection(ExtensibilityGlobals) = postSolution
		SolutionGuid = {59F66CF1-8F9F-413B-B650-F14F4417D40A}
	EndGlobalSection
EndGlobal
